# This file is automatically @generated by Cargo.
# It is not intended for manual editing.
version = 3

[[package]]
name = "logwatcher2"
version = "0.2.0"
source = "git+https://github.com/SubconsciousCompute/logwatcher2.git#bd863773cf8a2324fb939a4469ad490b47a2dab3"

[[package]]
name = "tetragon"
version = "0.1.0"
dependencies = [
 "logwatcher2",
]
