# This file is automatically @generated by Cargo.
# It is not intended for manual editing.
version = 3

[[package]]
name = "logwatcher"
version = "0.1.1"
source = "registry+https://github.com/rust-lang/crates.io-index"
checksum = "3d0925aed5b12ed59857f438d25a910cf051dbcd4107907be1e7abf6c44ec903"

[[package]]
name = "tetragon"
version = "0.1.0"
dependencies = [
 "logwatcher",
]
